
Microsoft Visual Studio Solution File, Format Version 12.00
# Visual Studio Version 16
VisualStudioVersion = 16.0.29123.88
MinimumVisualStudioVersion = 10.0.40219.1
Project("{FAE04EC0-301F-11D3-BF4B-00C04F79EFBC}") = "UI", "UI\UI.csproj", "{2CBF1794-7F2D-4D8C-9DC4-0961EA873429}"
EndProject
Project("{FAE04EC0-301F-11D3-BF4B-00C04F79EFBC}") = "BE", "BE\BE.csproj", "{2031301D-7393-4221-929F-180A29EF4A08}"
EndProject
Project("{FAE04EC0-301F-11D3-BF4B-00C04F79EFBC}") = "BL", "BL\BL.csproj", "{ABC505BC-7572-4C3D-9B77-D7AE42570F3F}"
EndProject
Project("{FAE04EC0-301F-11D3-BF4B-00C04F79EFBC}") = "DAL", "DAL\DAL.csproj", "{7C575CBE-B4B2-49E6-A0A3-9A3EBA95D8B6}"
EndProject
Project("{FAE04EC0-301F-11D3-BF4B-00C04F79EFBC}") = "SL", "SL\SL.csproj", "{CBF82128-35EC-4F5C-B90D-B7D12C36D5CC}"
EndProject
Global
	GlobalSection(SolutionConfigurationPlatforms) = preSolution
		Debug|Any CPU = Debug|Any CPU
		Release|Any CPU = Release|Any CPU
	EndGlobalSection
	GlobalSection(ProjectConfigurationPlatforms) = postSolution
		{2CBF1794-7F2D-4D8C-9DC4-0961EA873429}.Debug|Any CPU.ActiveCfg = Debug|Any CPU
		{2CBF1794-7F2D-4D8C-9DC4-0961EA873429}.Debug|Any CPU.Build.0 = Debug|Any CPU
		{2CBF1794-7F2D-4D8C-9DC4-0961EA873429}.Release|Any CPU.ActiveCfg = Release|Any CPU
		{2CBF1794-7F2D-4D8C-9DC4-0961EA873429}.Release|Any CPU.Build.0 = Release|Any CPU
		{2031301D-7393-4221-929F-180A29EF4A08}.Debug|Any CPU.ActiveCfg = Debug|Any CPU
		{2031301D-7393-4221-929F-180A29EF4A08}.Debug|Any CPU.Build.0 = Debug|Any CPU
		{2031301D-7393-4221-929F-180A29EF4A08}.Release|Any CPU.ActiveCfg = Release|Any CPU
		{2031301D-7393-4221-929F-180A29EF4A08}.Release|Any CPU.Build.0 = Release|Any CPU
		{ABC505BC-7572-4C3D-9B77-D7AE42570F3F}.Debug|Any CPU.ActiveCfg = Debug|Any CPU
		{ABC505BC-7572-4C3D-9B77-D7AE42570F3F}.Debug|Any CPU.Build.0 = Debug|Any CPU
		{ABC505BC-7572-4C3D-9B77-D7AE42570F3F}.Release|Any CPU.ActiveCfg = Release|Any CPU
		{ABC505BC-7572-4C3D-9B77-D7AE42570F3F}.Release|Any CPU.Build.0 = Release|Any CPU
		{7C575CBE-B4B2-49E6-A0A3-9A3EBA95D8B6}.Debug|Any CPU.ActiveCfg = Debug|Any CPU
		{7C575CBE-B4B2-49E6-A0A3-9A3EBA95D8B6}.Debug|Any CPU.Build.0 = Debug|Any CPU
		{7C575CBE-B4B2-49E6-A0A3-9A3EBA95D8B6}.Release|Any CPU.ActiveCfg = Release|Any CPU
		{7C575CBE-B4B2-49E6-A0A3-9A3EBA95D8B6}.Release|Any CPU.Build.0 = Release|Any CPU
		{CBF82128-35EC-4F5C-B90D-B7D12C36D5CC}.Debug|Any CPU.ActiveCfg = Debug|Any CPU
		{CBF82128-35EC-4F5C-B90D-B7D12C36D5CC}.Debug|Any CPU.Build.0 = Debug|Any CPU
		{CBF82128-35EC-4F5C-B90D-B7D12C36D5CC}.Release|Any CPU.ActiveCfg = Release|Any CPU
		{CBF82128-35EC-4F5C-B90D-B7D12C36D5CC}.Release|Any CPU.Build.0 = Release|Any CPU
	EndGlobalSection
	GlobalSection(SolutionProperties) = preSolution
		HideSolutionNode = FALSE
	EndGlobalSection
	GlobalSection(ExtensibilityGlobals) = postSolution
		SolutionGuid = {560F980D-0D89-42D5-8E76-2CE6EE107A57}
	EndGlobalSection
EndGlobal
